
Microsoft Visual Studio Solution File, Format Version 12.00
Project("{FAE04EC0-301F-11D3-BF4B-00C04F79EFBC}") = "BinarySearchTreeDemo", "BinarySearchTreeDemo\BinarySearchTreeDemo.csproj", "{7EC9343F-FB02-48E9-9772-9AEED5447492}"
EndProject
Project("{FAE04EC0-301F-11D3-BF4B-00C04F79EFBC}") = "BinarySearchTreeTest", "BinarySearchTreeTest\BinarySearchTreeTest.csproj", "{56BC7DB5-E1BC-4314-AE72-93CC142CB83D}"
EndProject
Global
	GlobalSection(SolutionConfigurationPlatforms) = preSolution
		Debug|Any CPU = Debug|Any CPU
		Release|Any CPU = Release|Any CPU
	EndGlobalSection
	GlobalSection(ProjectConfigurationPlatforms) = postSolution
		{7EC9343F-FB02-48E9-9772-9AEED5447492}.Debug|Any CPU.ActiveCfg = Debug|Any CPU
		{7EC9343F-FB02-48E9-9772-9AEED5447492}.Debug|Any CPU.Build.0 = Debug|Any CPU
		{7EC9343F-FB02-48E9-9772-9AEED5447492}.Release|Any CPU.ActiveCfg = Release|Any CPU
		{7EC9343F-FB02-48E9-9772-9AEED5447492}.Release|Any CPU.Build.0 = Release|Any CPU
		{56BC7DB5-E1BC-4314-AE72-93CC142CB83D}.Debug|Any CPU.ActiveCfg = Debug|Any CPU
		{56BC7DB5-E1BC-4314-AE72-93CC142CB83D}.Debug|Any CPU.Build.0 = Debug|Any CPU
		{56BC7DB5-E1BC-4314-AE72-93CC142CB83D}.Release|Any CPU.ActiveCfg = Release|Any CPU
		{56BC7DB5-E1BC-4314-AE72-93CC142CB83D}.Release|Any CPU.Build.0 = Release|Any CPU
	EndGlobalSection
EndGlobal
